
Microsoft Visual Studio Solution File, Format Version 12.00
# Visual Studio Version 16
VisualStudioVersion = 16.0.30804.86
MinimumVisualStudioVersion = 10.0.40219.1
Project("{FAE04EC0-301F-11D3-BF4B-00C04F79EFBC}") = "ThomasClaudiusHuber.GitHubReader", "ThomasClaudiusHuber.GitHubReader\ThomasClaudiusHuber.GitHubReader.csproj", "{A56329E8-9C9F-4DD5-BAF7-D4C16F2AFEF5}"
EndProject
Global
	GlobalSection(SolutionConfigurationPlatforms) = preSolution
		Debug|Any CPU = Debug|Any CPU
		Release|Any CPU = Release|Any CPU
	EndGlobalSection
	GlobalSection(ProjectConfigurationPlatforms) = postSolution
		{A56329E8-9C9F-4DD5-BAF7-D4C16F2AFEF5}.Debug|Any CPU.ActiveCfg = Debug|Any CPU
		{A56329E8-9C9F-4DD5-BAF7-D4C16F2AFEF5}.Debug|Any CPU.Build.0 = Debug|Any CPU
		{A56329E8-9C9F-4DD5-BAF7-D4C16F2AFEF5}.Release|Any CPU.ActiveCfg = Release|Any CPU
		{A56329E8-9C9F-4DD5-BAF7-D4C16F2AFEF5}.Release|Any CPU.Build.0 = Release|Any CPU
	EndGlobalSection
	GlobalSection(SolutionProperties) = preSolution
		HideSolutionNode = FALSE
	EndGlobalSection
	GlobalSection(ExtensibilityGlobals) = postSolution
		SolutionGuid = {EF0BF568-1A54-4011-860B-9D2F041FAE12}
	EndGlobalSection
EndGlobal
