
Microsoft Visual Studio Solution File, Format Version 12.00
# Visual Studio Version 16
VisualStudioVersion = 16.0.30804.86
MinimumVisualStudioVersion = 10.0.40219.1
Project("{9A19103F-16F7-4668-BE54-9A1E7A4F7556}") = "ThomasClaudiusHuber.NestedLayouts", "ThomasClaudiusHuber.NestedLayouts\ThomasClaudiusHuber.NestedLayouts.csproj", "{49A0A47C-73CD-4513-877A-354B32CF7E83}"
EndProject
Global
	GlobalSection(SolutionConfigurationPlatforms) = preSolution
		Debug|Any CPU = Debug|Any CPU
		Release|Any CPU = Release|Any CPU
	EndGlobalSection
	GlobalSection(ProjectConfigurationPlatforms) = postSolution
		{49A0A47C-73CD-4513-877A-354B32CF7E83}.Debug|Any CPU.ActiveCfg = Debug|Any CPU
		{49A0A47C-73CD-4513-877A-354B32CF7E83}.Debug|Any CPU.Build.0 = Debug|Any CPU
		{49A0A47C-73CD-4513-877A-354B32CF7E83}.Release|Any CPU.ActiveCfg = Release|Any CPU
		{49A0A47C-73CD-4513-877A-354B32CF7E83}.Release|Any CPU.Build.0 = Release|Any CPU
	EndGlobalSection
	GlobalSection(SolutionProperties) = preSolution
		HideSolutionNode = FALSE
	EndGlobalSection
	GlobalSection(ExtensibilityGlobals) = postSolution
		SolutionGuid = {A043B749-3ED0-43AE-B1C9-5C54F9906520}
	EndGlobalSection
EndGlobal
