
Microsoft Visual Studio Solution File, Format Version 12.00
# Visual Studio Version 16
VisualStudioVersion = 16.0.30804.86
MinimumVisualStudioVersion = 10.0.40219.1
Project("{FAE04EC0-301F-11D3-BF4B-00C04F79EFBC}") = "ThomasClaudiusHuber.JavaScriptInterop", "ThomasClaudiusHuber.JavaScriptInterop\ThomasClaudiusHuber.JavaScriptInterop.csproj", "{BDC7559B-3C2D-49C0-891A-459564640FCE}"
EndProject
Global
	GlobalSection(SolutionConfigurationPlatforms) = preSolution
		Debug|Any CPU = Debug|Any CPU
		Release|Any CPU = Release|Any CPU
	EndGlobalSection
	GlobalSection(ProjectConfigurationPlatforms) = postSolution
		{BDC7559B-3C2D-49C0-891A-459564640FCE}.Debug|Any CPU.ActiveCfg = Debug|Any CPU
		{BDC7559B-3C2D-49C0-891A-459564640FCE}.Debug|Any CPU.Build.0 = Debug|Any CPU
		{BDC7559B-3C2D-49C0-891A-459564640FCE}.Release|Any CPU.ActiveCfg = Release|Any CPU
		{BDC7559B-3C2D-49C0-891A-459564640FCE}.Release|Any CPU.Build.0 = Release|Any CPU
	EndGlobalSection
	GlobalSection(SolutionProperties) = preSolution
		HideSolutionNode = FALSE
	EndGlobalSection
	GlobalSection(ExtensibilityGlobals) = postSolution
		SolutionGuid = {235C00BA-8C7F-42BE-8C38-939DD4387C53}
	EndGlobalSection
EndGlobal
